
Microsoft Visual Studio Solution File, Format Version 12.00
# Visual Studio Version 16
VisualStudioVersion = 16.0.34031.81
MinimumVisualStudioVersion = 10.0.40219.1
Project("{FAE04EC0-301F-11D3-BF4B-00C04F79EFBC}") = "3NLIDTS-YairGonzalez-03cs", "3NLIDTS-YairGonzalez-03cs\3NLIDTS-YairGonzalez-03cs.csproj", "{A1FA3EF3-3F29-4138-B286-B2F482953DEF}"
EndProject
Global
	GlobalSection(SolutionConfigurationPlatforms) = preSolution
		Debug|Any CPU = Debug|Any CPU
		Release|Any CPU = Release|Any CPU
	EndGlobalSection
	GlobalSection(ProjectConfigurationPlatforms) = postSolution
		{A1FA3EF3-3F29-4138-B286-B2F482953DEF}.Debug|Any CPU.ActiveCfg = Debug|Any CPU
		{A1FA3EF3-3F29-4138-B286-B2F482953DEF}.Debug|Any CPU.Build.0 = Debug|Any CPU
		{A1FA3EF3-3F29-4138-B286-B2F482953DEF}.Release|Any CPU.ActiveCfg = Release|Any CPU
		{A1FA3EF3-3F29-4138-B286-B2F482953DEF}.Release|Any CPU.Build.0 = Release|Any CPU
	EndGlobalSection
	GlobalSection(SolutionProperties) = preSolution
		HideSolutionNode = FALSE
	EndGlobalSection
	GlobalSection(ExtensibilityGlobals) = postSolution
		SolutionGuid = {ED791B8B-1879-4321-A60D-0DCC396301C8}
	EndGlobalSection
EndGlobal
